{
  "name": "js-bundler",
  "version": "1.0.0",
  "lockfileVersion": 2,
  "requires": true,
  "packages": {
    "": {
      "name": "js-bundler",
      "version": "1.0.0",
      "license": "ISC",
      "dependencies": {
        "js-tools": "file:../js-tools"
      }
    },
    "../js-tools": {
      "version": "1.0.0",
      "license": "MIT",
      "devDependencies": {
        "ava": "^3.15.0"
      }
    },
    "node_modules/js-tools": {
      "resolved": "../js-tools",
      "link": true
    }
  },
  "dependencies": {
    "js-tools": {
      "version": "file:../js-tools",
      "requires": {
        "ava": "^3.15.0"
      }
    }
  }
}
